
Microsoft Visual Studio Solution File, Format Version 12.00
# Visual Studio Version 16
VisualStudioVersion = 16.0.30503.244
MinimumVisualStudioVersion = 10.0.40219.1
Project("{FAE04EC0-301F-11D3-BF4B-00C04F79EFBC}") = "Laba-2", "Laba-2\Laba-2.csproj", "{08379E82-8E30-484E-AF03-BE9C49AE3640}"
EndProject
Global
	GlobalSection(SolutionConfigurationPlatforms) = preSolution
		Debug|Any CPU = Debug|Any CPU
		Release|Any CPU = Release|Any CPU
	EndGlobalSection
	GlobalSection(ProjectConfigurationPlatforms) = postSolution
		{08379E82-8E30-484E-AF03-BE9C49AE3640}.Debug|Any CPU.ActiveCfg = Debug|Any CPU
		{08379E82-8E30-484E-AF03-BE9C49AE3640}.Debug|Any CPU.Build.0 = Debug|Any CPU
		{08379E82-8E30-484E-AF03-BE9C49AE3640}.Release|Any CPU.ActiveCfg = Release|Any CPU
		{08379E82-8E30-484E-AF03-BE9C49AE3640}.Release|Any CPU.Build.0 = Release|Any CPU
	EndGlobalSection
	GlobalSection(SolutionProperties) = preSolution
		HideSolutionNode = FALSE
	EndGlobalSection
	GlobalSection(ExtensibilityGlobals) = postSolution
		SolutionGuid = {7187C803-96FB-43A1-8FD5-C0A91F2244CE}
	EndGlobalSection
EndGlobal
