
Microsoft Visual Studio Solution File, Format Version 12.00
# Visual Studio Version 16
VisualStudioVersion = 16.0.30711.63
MinimumVisualStudioVersion = 10.0.40219.1
Project("{FAE04EC0-301F-11D3-BF4B-00C04F79EFBC}") = "Laba-9", "Laba-9\Laba-9.csproj", "{24676653-6F68-418E-8632-D806CF27A920}"
EndProject
Global
	GlobalSection(SolutionConfigurationPlatforms) = preSolution
		Debug|Any CPU = Debug|Any CPU
		Release|Any CPU = Release|Any CPU
	EndGlobalSection
	GlobalSection(ProjectConfigurationPlatforms) = postSolution
		{24676653-6F68-418E-8632-D806CF27A920}.Debug|Any CPU.ActiveCfg = Debug|Any CPU
		{24676653-6F68-418E-8632-D806CF27A920}.Debug|Any CPU.Build.0 = Debug|Any CPU
		{24676653-6F68-418E-8632-D806CF27A920}.Release|Any CPU.ActiveCfg = Release|Any CPU
		{24676653-6F68-418E-8632-D806CF27A920}.Release|Any CPU.Build.0 = Release|Any CPU
	EndGlobalSection
	GlobalSection(SolutionProperties) = preSolution
		HideSolutionNode = FALSE
	EndGlobalSection
	GlobalSection(ExtensibilityGlobals) = postSolution
		SolutionGuid = {245B7881-E6D3-428C-8426-379D59457625}
	EndGlobalSection
EndGlobal
