
Microsoft Visual Studio Solution File, Format Version 12.00
# Visual Studio Version 16
VisualStudioVersion = 16.0.30611.23
MinimumVisualStudioVersion = 10.0.40219.1
Project("{FAE04EC0-301F-11D3-BF4B-00C04F79EFBC}") = "Laba-6", "Laba-6\Laba-6.csproj", "{0C9C9E68-1DDE-4A8B-B3F6-2855754D43DD}"
EndProject
Global
	GlobalSection(SolutionConfigurationPlatforms) = preSolution
		Debug|Any CPU = Debug|Any CPU
		Release|Any CPU = Release|Any CPU
	EndGlobalSection
	GlobalSection(ProjectConfigurationPlatforms) = postSolution
		{0C9C9E68-1DDE-4A8B-B3F6-2855754D43DD}.Debug|Any CPU.ActiveCfg = Debug|Any CPU
		{0C9C9E68-1DDE-4A8B-B3F6-2855754D43DD}.Debug|Any CPU.Build.0 = Debug|Any CPU
		{0C9C9E68-1DDE-4A8B-B3F6-2855754D43DD}.Release|Any CPU.ActiveCfg = Release|Any CPU
		{0C9C9E68-1DDE-4A8B-B3F6-2855754D43DD}.Release|Any CPU.Build.0 = Release|Any CPU
	EndGlobalSection
	GlobalSection(SolutionProperties) = preSolution
		HideSolutionNode = FALSE
	EndGlobalSection
	GlobalSection(ExtensibilityGlobals) = postSolution
		SolutionGuid = {771CF7CB-2A6D-4216-80C1-0118631347D1}
	EndGlobalSection
EndGlobal
